
Microsoft Visual Studio Solution File, Format Version 12.00
# Visual Studio 2012
Project("{FAE04EC0-301F-11D3-BF4B-00C04F79EFBC}") = "NorthwindEfCodeFirstFluentApi", "NorthwindEfCodeFirstFluentApi\NorthwindEfCodeFirstFluentApi.csproj", "{67515FE3-8020-4CB5-AB0E-5067C5A75014}"
EndProject
Global
	GlobalSection(SolutionConfigurationPlatforms) = preSolution
		Debug|Any CPU = Debug|Any CPU
		Release|Any CPU = Release|Any CPU
	EndGlobalSection
	GlobalSection(ProjectConfigurationPlatforms) = postSolution
		{67515FE3-8020-4CB5-AB0E-5067C5A75014}.Debug|Any CPU.ActiveCfg = Debug|Any CPU
		{67515FE3-8020-4CB5-AB0E-5067C5A75014}.Debug|Any CPU.Build.0 = Debug|Any CPU
		{67515FE3-8020-4CB5-AB0E-5067C5A75014}.Release|Any CPU.ActiveCfg = Release|Any CPU
		{67515FE3-8020-4CB5-AB0E-5067C5A75014}.Release|Any CPU.Build.0 = Release|Any CPU
	EndGlobalSection
	GlobalSection(SolutionProperties) = preSolution
		HideSolutionNode = FALSE
	EndGlobalSection
EndGlobal
